
Microsoft Visual Studio Solution File, Format Version 12.00
# Visual Studio Version 17
VisualStudioVersion = 17.9.34728.123
MinimumVisualStudioVersion = 10.0.40219.1
Project("{FAE04EC0-301F-11D3-BF4B-00C04F79EFBC}") = "Metrans", "Metrans\Metrans.csproj", "{EDBB3655-89DF-4318-8664-4F80C5FE320E}"
EndProject
Project("{FAE04EC0-301F-11D3-BF4B-00C04F79EFBC}") = "DAL", "DAL\DAL.csproj", "{95CF38A7-FF82-4DBF-88B5-F64F343CB417}"
EndProject
Global
	GlobalSection(SolutionConfigurationPlatforms) = preSolution
		Debug|Any CPU = Debug|Any CPU
		Release|Any CPU = Release|Any CPU
	EndGlobalSection
	GlobalSection(ProjectConfigurationPlatforms) = postSolution
		{EDBB3655-89DF-4318-8664-4F80C5FE320E}.Debug|Any CPU.ActiveCfg = Debug|Any CPU
		{EDBB3655-89DF-4318-8664-4F80C5FE320E}.Debug|Any CPU.Build.0 = Debug|Any CPU
		{EDBB3655-89DF-4318-8664-4F80C5FE320E}.Release|Any CPU.ActiveCfg = Release|Any CPU
		{EDBB3655-89DF-4318-8664-4F80C5FE320E}.Release|Any CPU.Build.0 = Release|Any CPU
		{95CF38A7-FF82-4DBF-88B5-F64F343CB417}.Debug|Any CPU.ActiveCfg = Debug|Any CPU
		{95CF38A7-FF82-4DBF-88B5-F64F343CB417}.Debug|Any CPU.Build.0 = Debug|Any CPU
		{95CF38A7-FF82-4DBF-88B5-F64F343CB417}.Release|Any CPU.ActiveCfg = Release|Any CPU
		{95CF38A7-FF82-4DBF-88B5-F64F343CB417}.Release|Any CPU.Build.0 = Release|Any CPU
	EndGlobalSection
	GlobalSection(SolutionProperties) = preSolution
		HideSolutionNode = FALSE
	EndGlobalSection
	GlobalSection(ExtensibilityGlobals) = postSolution
		SolutionGuid = {57913703-3D61-4391-97A3-3D70E20F09DC}
	EndGlobalSection
EndGlobal
